
Microsoft Visual Studio Solution File, Format Version 12.00
# Visual Studio Version 16
VisualStudioVersion = 16.0.32106.194
MinimumVisualStudioVersion = 10.0.40219.1
Project("{9A19103F-16F7-4668-BE54-9A1E7A4F7556}") = "SuperHeroDB.Server", "SuperHeroDB\Server\SuperHeroDB.Server.csproj", "{76A8EC3D-943C-47A5-B882-35D619D1DAC3}"
EndProject
Project("{9A19103F-16F7-4668-BE54-9A1E7A4F7556}") = "SuperHeroDB.Client", "SuperHeroDB\Client\SuperHeroDB.Client.csproj", "{DE041FD0-5DB5-4882-B00E-4A5532260732}"
EndProject
Project("{9A19103F-16F7-4668-BE54-9A1E7A4F7556}") = "SuperHeroDB.Shared", "SuperHeroDB\Shared\SuperHeroDB.Shared.csproj", "{D4DB2215-61A3-40AC-B240-B107B84EFB2D}"
EndProject
Global
	GlobalSection(SolutionConfigurationPlatforms) = preSolution
		Debug|Any CPU = Debug|Any CPU
		Release|Any CPU = Release|Any CPU
	EndGlobalSection
	GlobalSection(ProjectConfigurationPlatforms) = postSolution
		{76A8EC3D-943C-47A5-B882-35D619D1DAC3}.Debug|Any CPU.ActiveCfg = Debug|Any CPU
		{76A8EC3D-943C-47A5-B882-35D619D1DAC3}.Debug|Any CPU.Build.0 = Debug|Any CPU
		{76A8EC3D-943C-47A5-B882-35D619D1DAC3}.Release|Any CPU.ActiveCfg = Release|Any CPU
		{76A8EC3D-943C-47A5-B882-35D619D1DAC3}.Release|Any CPU.Build.0 = Release|Any CPU
		{DE041FD0-5DB5-4882-B00E-4A5532260732}.Debug|Any CPU.ActiveCfg = Debug|Any CPU
		{DE041FD0-5DB5-4882-B00E-4A5532260732}.Debug|Any CPU.Build.0 = Debug|Any CPU
		{DE041FD0-5DB5-4882-B00E-4A5532260732}.Release|Any CPU.ActiveCfg = Release|Any CPU
		{DE041FD0-5DB5-4882-B00E-4A5532260732}.Release|Any CPU.Build.0 = Release|Any CPU
		{D4DB2215-61A3-40AC-B240-B107B84EFB2D}.Debug|Any CPU.ActiveCfg = Debug|Any CPU
		{D4DB2215-61A3-40AC-B240-B107B84EFB2D}.Debug|Any CPU.Build.0 = Debug|Any CPU
		{D4DB2215-61A3-40AC-B240-B107B84EFB2D}.Release|Any CPU.ActiveCfg = Release|Any CPU
		{D4DB2215-61A3-40AC-B240-B107B84EFB2D}.Release|Any CPU.Build.0 = Release|Any CPU
	EndGlobalSection
	GlobalSection(SolutionProperties) = preSolution
		HideSolutionNode = FALSE
	EndGlobalSection
	GlobalSection(ExtensibilityGlobals) = postSolution
		SolutionGuid = {E3DAA35B-65BD-456A-B5B0-0F52B4194C93}
	EndGlobalSection
EndGlobal
